
Microsoft Visual Studio Solution File, Format Version 12.00
# Visual Studio Version 17
VisualStudioVersion = 17.1.32210.238
MinimumVisualStudioVersion = 10.0.40219.1
Project("{FAE04EC0-301F-11D3-BF4B-00C04F79EFBC}") = "otopark.UI", "otopark.UI\otopark.UI.csproj", "{EF06EF38-BCDF-410B-96B8-86F14062E5FB}"
EndProject
Project("{FAE04EC0-301F-11D3-BF4B-00C04F79EFBC}") = "otopark.DataAccess", "otopark.DataAccess\otopark.DataAccess.csproj", "{FE061F3E-C112-43BE-97C4-A8A0AEE9F7E3}"
EndProject
Project("{FAE04EC0-301F-11D3-BF4B-00C04F79EFBC}") = "otopark.Business", "otopark.Business\otopark.Business.csproj", "{8C66660A-FC8E-441A-90F6-3CD51717C983}"
EndProject
Project("{FAE04EC0-301F-11D3-BF4B-00C04F79EFBC}") = "otopark.Entities", "otopark.Entities\otopark.Entities.csproj", "{004EEC15-930B-43EB-A186-DCBF56DD7631}"
EndProject
Project("{FAE04EC0-301F-11D3-BF4B-00C04F79EFBC}") = "otopark.Core", "otopark.Core\otopark.Core.csproj", "{0BE4BFAB-9520-4D0F-B605-BF42AAA313B7}"
EndProject
Global
	GlobalSection(SolutionConfigurationPlatforms) = preSolution
		Debug|Any CPU = Debug|Any CPU
		Release|Any CPU = Release|Any CPU
	EndGlobalSection
	GlobalSection(ProjectConfigurationPlatforms) = postSolution
		{EF06EF38-BCDF-410B-96B8-86F14062E5FB}.Debug|Any CPU.ActiveCfg = Debug|Any CPU
		{EF06EF38-BCDF-410B-96B8-86F14062E5FB}.Debug|Any CPU.Build.0 = Debug|Any CPU
		{EF06EF38-BCDF-410B-96B8-86F14062E5FB}.Release|Any CPU.ActiveCfg = Release|Any CPU
		{EF06EF38-BCDF-410B-96B8-86F14062E5FB}.Release|Any CPU.Build.0 = Release|Any CPU
		{FE061F3E-C112-43BE-97C4-A8A0AEE9F7E3}.Debug|Any CPU.ActiveCfg = Debug|Any CPU
		{FE061F3E-C112-43BE-97C4-A8A0AEE9F7E3}.Debug|Any CPU.Build.0 = Debug|Any CPU
		{FE061F3E-C112-43BE-97C4-A8A0AEE9F7E3}.Release|Any CPU.ActiveCfg = Release|Any CPU
		{FE061F3E-C112-43BE-97C4-A8A0AEE9F7E3}.Release|Any CPU.Build.0 = Release|Any CPU
		{8C66660A-FC8E-441A-90F6-3CD51717C983}.Debug|Any CPU.ActiveCfg = Debug|Any CPU
		{8C66660A-FC8E-441A-90F6-3CD51717C983}.Debug|Any CPU.Build.0 = Debug|Any CPU
		{8C66660A-FC8E-441A-90F6-3CD51717C983}.Release|Any CPU.ActiveCfg = Release|Any CPU
		{8C66660A-FC8E-441A-90F6-3CD51717C983}.Release|Any CPU.Build.0 = Release|Any CPU
		{004EEC15-930B-43EB-A186-DCBF56DD7631}.Debug|Any CPU.ActiveCfg = Debug|Any CPU
		{004EEC15-930B-43EB-A186-DCBF56DD7631}.Debug|Any CPU.Build.0 = Debug|Any CPU
		{004EEC15-930B-43EB-A186-DCBF56DD7631}.Release|Any CPU.ActiveCfg = Release|Any CPU
		{004EEC15-930B-43EB-A186-DCBF56DD7631}.Release|Any CPU.Build.0 = Release|Any CPU
		{0BE4BFAB-9520-4D0F-B605-BF42AAA313B7}.Debug|Any CPU.ActiveCfg = Debug|Any CPU
		{0BE4BFAB-9520-4D0F-B605-BF42AAA313B7}.Debug|Any CPU.Build.0 = Debug|Any CPU
		{0BE4BFAB-9520-4D0F-B605-BF42AAA313B7}.Release|Any CPU.ActiveCfg = Release|Any CPU
		{0BE4BFAB-9520-4D0F-B605-BF42AAA313B7}.Release|Any CPU.Build.0 = Release|Any CPU
	EndGlobalSection
	GlobalSection(SolutionProperties) = preSolution
		HideSolutionNode = FALSE
	EndGlobalSection
	GlobalSection(ExtensibilityGlobals) = postSolution
		SolutionGuid = {4FAAEA26-3B3A-418D-90F6-E2FCBF195427}
	EndGlobalSection
EndGlobal
